
Microsoft Visual Studio Solution File, Format Version 12.00
# Visual Studio Version 17
VisualStudioVersion = 17.0.31912.275
MinimumVisualStudioVersion = 10.0.40219.1
Project("{9A19103F-16F7-4668-BE54-9A1E7A4F7556}") = "LR1_GavrilenkoSergey", "LabInf\LR1_GavrilenkoSergey.csproj", "{5F0FA96C-4BE2-4335-A643-404E2B6D4E86}"
EndProject
Project("{9A19103F-16F7-4668-BE54-9A1E7A4F7556}") = "LR2_GavrilenkoSergey", "LR2_GavrilenkoSergey\LR2_GavrilenkoSergey.csproj", "{B06F8A82-A021-4C43-B096-BBDB4DF2942E}"
EndProject
Project("{FAE04EC0-301F-11D3-BF4B-00C04F79EFBC}") = "LR3_GavrilenkoSergey", "LR3_GavrilenkoSergey\LR3_GavrilenkoSergey.csproj", "{95E69D20-9674-4B84-8C64-24229EAC4502}"
EndProject
Global
	GlobalSection(SolutionConfigurationPlatforms) = preSolution
		Debug|Any CPU = Debug|Any CPU
		Release|Any CPU = Release|Any CPU
	EndGlobalSection
	GlobalSection(ProjectConfigurationPlatforms) = postSolution
		{5F0FA96C-4BE2-4335-A643-404E2B6D4E86}.Debug|Any CPU.ActiveCfg = Debug|Any CPU
		{5F0FA96C-4BE2-4335-A643-404E2B6D4E86}.Debug|Any CPU.Build.0 = Debug|Any CPU
		{5F0FA96C-4BE2-4335-A643-404E2B6D4E86}.Release|Any CPU.ActiveCfg = Release|Any CPU
		{5F0FA96C-4BE2-4335-A643-404E2B6D4E86}.Release|Any CPU.Build.0 = Release|Any CPU
		{B06F8A82-A021-4C43-B096-BBDB4DF2942E}.Debug|Any CPU.ActiveCfg = Debug|Any CPU
		{B06F8A82-A021-4C43-B096-BBDB4DF2942E}.Debug|Any CPU.Build.0 = Debug|Any CPU
		{B06F8A82-A021-4C43-B096-BBDB4DF2942E}.Release|Any CPU.ActiveCfg = Release|Any CPU
		{B06F8A82-A021-4C43-B096-BBDB4DF2942E}.Release|Any CPU.Build.0 = Release|Any CPU
		{95E69D20-9674-4B84-8C64-24229EAC4502}.Debug|Any CPU.ActiveCfg = Debug|Any CPU
		{95E69D20-9674-4B84-8C64-24229EAC4502}.Debug|Any CPU.Build.0 = Debug|Any CPU
		{95E69D20-9674-4B84-8C64-24229EAC4502}.Release|Any CPU.ActiveCfg = Release|Any CPU
		{95E69D20-9674-4B84-8C64-24229EAC4502}.Release|Any CPU.Build.0 = Release|Any CPU
	EndGlobalSection
	GlobalSection(SolutionProperties) = preSolution
		HideSolutionNode = FALSE
	EndGlobalSection
	GlobalSection(ExtensibilityGlobals) = postSolution
		SolutionGuid = {9EBDCBAB-C0DA-4B2C-B4B5-F3C716185244}
	EndGlobalSection
EndGlobal
